
Microsoft Visual Studio Solution File, Format Version 12.00
# Visual Studio Version 16
VisualStudioVersion = 16.0.31129.286
MinimumVisualStudioVersion = 10.0.40219.1
Project("{9A19103F-16F7-4668-BE54-9A1E7A4F7556}") = "BankApp", "BankApp\BankApp.csproj", "{64DEBF9A-8072-4868-9455-A467D6D115BE}"
EndProject
Project("{FAE04EC0-301F-11D3-BF4B-00C04F79EFBC}") = "BankApp.Shared", "BankApp.Shared\BankApp.Shared.csproj", "{3E4A8DA7-AE72-400E-B658-8061CFCE1F06}"
EndProject
Global
	GlobalSection(SolutionConfigurationPlatforms) = preSolution
		Debug|Any CPU = Debug|Any CPU
		Release|Any CPU = Release|Any CPU
	EndGlobalSection
	GlobalSection(ProjectConfigurationPlatforms) = postSolution
		{64DEBF9A-8072-4868-9455-A467D6D115BE}.Debug|Any CPU.ActiveCfg = Debug|Any CPU
		{64DEBF9A-8072-4868-9455-A467D6D115BE}.Debug|Any CPU.Build.0 = Debug|Any CPU
		{64DEBF9A-8072-4868-9455-A467D6D115BE}.Release|Any CPU.ActiveCfg = Release|Any CPU
		{64DEBF9A-8072-4868-9455-A467D6D115BE}.Release|Any CPU.Build.0 = Release|Any CPU
		{3E4A8DA7-AE72-400E-B658-8061CFCE1F06}.Debug|Any CPU.ActiveCfg = Debug|Any CPU
		{3E4A8DA7-AE72-400E-B658-8061CFCE1F06}.Debug|Any CPU.Build.0 = Debug|Any CPU
		{3E4A8DA7-AE72-400E-B658-8061CFCE1F06}.Release|Any CPU.ActiveCfg = Release|Any CPU
		{3E4A8DA7-AE72-400E-B658-8061CFCE1F06}.Release|Any CPU.Build.0 = Release|Any CPU
	EndGlobalSection
	GlobalSection(SolutionProperties) = preSolution
		HideSolutionNode = FALSE
	EndGlobalSection
	GlobalSection(ExtensibilityGlobals) = postSolution
		SolutionGuid = {2E45E7BE-5EC7-4CBB-B6FE-E654C40369D4}
	EndGlobalSection
EndGlobal
